
Microsoft Visual Studio Solution File, Format Version 12.00
# Visual Studio Version 17
VisualStudioVersion = 17.14.36301.6 d17.14
MinimumVisualStudioVersion = 10.0.40219.1
Project("{8BC9CEB8-8B4A-11D0-8D11-00A0C91BC942}") = "20250710_Proj01", "20250710_Proj01\20250710_Proj01.vcxproj", "{D251CE8A-9033-43F3-A683-26577B6B18EF}"
EndProject
Project("{8BC9CEB8-8B4A-11D0-8D11-00A0C91BC942}") = "20250710_Proj02", "20250710_Proj02\20250710_Proj02.vcxproj", "{A12E9006-D91C-4CCF-8721-411D97AF84DA}"
EndProject
Global
	GlobalSection(SolutionConfigurationPlatforms) = preSolution
		Debug|x64 = Debug|x64
		Debug|x86 = Debug|x86
		Release|x64 = Release|x64
		Release|x86 = Release|x86
	EndGlobalSection
	GlobalSection(ProjectConfigurationPlatforms) = postSolution
		{D251CE8A-9033-43F3-A683-26577B6B18EF}.Debug|x64.ActiveCfg = Debug|x64
		{D251CE8A-9033-43F3-A683-26577B6B18EF}.Debug|x64.Build.0 = Debug|x64
		{D251CE8A-9033-43F3-A683-26577B6B18EF}.Debug|x86.ActiveCfg = Debug|Win32
		{D251CE8A-9033-43F3-A683-26577B6B18EF}.Debug|x86.Build.0 = Debug|Win32
		{D251CE8A-9033-43F3-A683-26577B6B18EF}.Release|x64.ActiveCfg = Release|x64
		{D251CE8A-9033-43F3-A683-26577B6B18EF}.Release|x64.Build.0 = Release|x64
		{D251CE8A-9033-43F3-A683-26577B6B18EF}.Release|x86.ActiveCfg = Release|Win32
		{D251CE8A-9033-43F3-A683-26577B6B18EF}.Release|x86.Build.0 = Release|Win32
		{A12E9006-D91C-4CCF-8721-411D97AF84DA}.Debug|x64.ActiveCfg = Debug|x64
		{A12E9006-D91C-4CCF-8721-411D97AF84DA}.Debug|x64.Build.0 = Debug|x64
		{A12E9006-D91C-4CCF-8721-411D97AF84DA}.Debug|x86.ActiveCfg = Debug|Win32
		{A12E9006-D91C-4CCF-8721-411D97AF84DA}.Debug|x86.Build.0 = Debug|Win32
		{A12E9006-D91C-4CCF-8721-411D97AF84DA}.Release|x64.ActiveCfg = Release|x64
		{A12E9006-D91C-4CCF-8721-411D97AF84DA}.Release|x64.Build.0 = Release|x64
		{A12E9006-D91C-4CCF-8721-411D97AF84DA}.Release|x86.ActiveCfg = Release|Win32
		{A12E9006-D91C-4CCF-8721-411D97AF84DA}.Release|x86.Build.0 = Release|Win32
	EndGlobalSection
	GlobalSection(SolutionProperties) = preSolution
		HideSolutionNode = FALSE
	EndGlobalSection
	GlobalSection(ExtensibilityGlobals) = postSolution
		SolutionGuid = {6348B6B0-9ED5-4E28-8978-4699D1733B26}
	EndGlobalSection
EndGlobal
